{
  "requires": true,
  "lockfileVersion": 1,
  "dependencies": {
    "cassandra-driver": {
      "version": "3.4.1",
      "resolved": "https://registry.npmjs.org/cassandra-driver/-/cassandra-driver-3.4.1.tgz",
      "integrity": "sha512-Z8OJVH71iZtTN3olfpnQiVhMP+acCDA22lJeIyZ1b2TQL1o3RBVHaTG80SvvddCmOG/fCt8DF+OVm5fnFRn8gg==",
      "requires": {
        "long": "2.4.0"
      }
    },
    "long": {
      "version": "2.4.0",
      "resolved": "https://registry.npmjs.org/long/-/long-2.4.0.tgz",
      "integrity": "sha1-n6GAux2VAM3CnEFWdmoZleH0Uk8="
    }
  }
}
